
Microsoft Visual Studio Solution File, Format Version 12.00
# Visual Studio Version 17
VisualStudioVersion = 17.12.35527.113
MinimumVisualStudioVersion = 10.0.40219.1
Project("{FAE04EC0-301F-11D3-BF4B-00C04F79EFBC}") = "SFA.DAS.AODP.Web", "SFA.DAS.AODP.Web\SFA.DAS.AODP.Web.csproj", "{5BDD99DB-D039-4BD9-ADC1-AB11592CDD64}"
EndProject
Project("{FAE04EC0-301F-11D3-BF4B-00C04F79EFBC}") = "SFA.DAS.AODP.Common", "SFA.DAS.AODP.Common\SFA.DAS.AODP.Common.csproj", "{D2C0A380-71B0-427A-8FED-692F60E3B873}"
EndProject
Project("{FAE04EC0-301F-11D3-BF4B-00C04F79EFBC}") = "SFA.DAS.AODP.Infrastructure", "SFA.DAS.AODP.Infrastructure\SFA.DAS.AODP.Infrastructure.csproj", "{5F281967-79EB-4585-909D-62829DFD0EEE}"
EndProject
Project("{FAE04EC0-301F-11D3-BF4B-00C04F79EFBC}") = "SFA.DAS.AODP.Models", "SFA.DAS.AODP.Models\SFA.DAS.AODP.Models.csproj", "{3130FFFF-B0B0-4B82-BD5B-12C1497F0D07}"
EndProject
Project("{00D1A9C2-B5F0-4AF3-8072-F6C62B433612}") = "SFA.DAS.AODP.Database", "SFA.DAS.AODP.Database\SFA.DAS.AODP.Database.sqlproj", "{14A633DA-BF0B-493A-88A5-CDFFFA10658A}"
EndProject
Project("{FAE04EC0-301F-11D3-BF4B-00C04F79EFBC}") = "SFA.DAS.AODP.Api", "SFA.DAS.AODP.Api\SFA.DAS.AODP.Api.csproj", "{F3120CF8-495C-4AA9-AC85-775BDDBEF13D}"
EndProject
Project("{FAE04EC0-301F-11D3-BF4B-00C04F79EFBC}") = "SFA.DAS.AODP.Application", "SFA.DAS.AODP.Application\SFA.DAS.AODP.Application.csproj", "{06CEDF9A-269E-4345-AD63-AD2BE1884121}"
EndProject
Project("{2150E333-8FDC-42A3-9474-1A3956D46DE8}") = "Database", "Database", "{30F99888-29E5-4783-BE0D-BF19D8DCFBB3}"
EndProject
Project("{2150E333-8FDC-42A3-9474-1A3956D46DE8}") = "Application", "Application", "{4DC78D3D-7E40-4CA0-B2DD-4E585B451280}"
EndProject
Project("{2150E333-8FDC-42A3-9474-1A3956D46DE8}") = "Infrastructure", "Infrastructure", "{630AE817-4F93-4BB5-B407-EEC6F26B4E42}"
EndProject
Project("{2150E333-8FDC-42A3-9474-1A3956D46DE8}") = "Tests", "Tests", "{BA8DFD76-658F-428A-AB17-34EEAA6C860D}"
EndProject
Global
	GlobalSection(SolutionConfigurationPlatforms) = preSolution
		Debug|Any CPU = Debug|Any CPU
		Release|Any CPU = Release|Any CPU
	EndGlobalSection
	GlobalSection(ProjectConfigurationPlatforms) = postSolution
		{5BDD99DB-D039-4BD9-ADC1-AB11592CDD64}.Debug|Any CPU.ActiveCfg = Debug|Any CPU
		{5BDD99DB-D039-4BD9-ADC1-AB11592CDD64}.Debug|Any CPU.Build.0 = Debug|Any CPU
		{5BDD99DB-D039-4BD9-ADC1-AB11592CDD64}.Release|Any CPU.ActiveCfg = Release|Any CPU
		{5BDD99DB-D039-4BD9-ADC1-AB11592CDD64}.Release|Any CPU.Build.0 = Release|Any CPU
		{D2C0A380-71B0-427A-8FED-692F60E3B873}.Debug|Any CPU.ActiveCfg = Debug|Any CPU
		{D2C0A380-71B0-427A-8FED-692F60E3B873}.Debug|Any CPU.Build.0 = Debug|Any CPU
		{D2C0A380-71B0-427A-8FED-692F60E3B873}.Release|Any CPU.ActiveCfg = Release|Any CPU
		{D2C0A380-71B0-427A-8FED-692F60E3B873}.Release|Any CPU.Build.0 = Release|Any CPU
		{5F281967-79EB-4585-909D-62829DFD0EEE}.Debug|Any CPU.ActiveCfg = Debug|Any CPU
		{5F281967-79EB-4585-909D-62829DFD0EEE}.Debug|Any CPU.Build.0 = Debug|Any CPU
		{5F281967-79EB-4585-909D-62829DFD0EEE}.Release|Any CPU.ActiveCfg = Release|Any CPU
		{5F281967-79EB-4585-909D-62829DFD0EEE}.Release|Any CPU.Build.0 = Release|Any CPU
		{3130FFFF-B0B0-4B82-BD5B-12C1497F0D07}.Debug|Any CPU.ActiveCfg = Debug|Any CPU
		{3130FFFF-B0B0-4B82-BD5B-12C1497F0D07}.Debug|Any CPU.Build.0 = Debug|Any CPU
		{3130FFFF-B0B0-4B82-BD5B-12C1497F0D07}.Release|Any CPU.ActiveCfg = Release|Any CPU
		{3130FFFF-B0B0-4B82-BD5B-12C1497F0D07}.Release|Any CPU.Build.0 = Release|Any CPU
		{14A633DA-BF0B-493A-88A5-CDFFFA10658A}.Debug|Any CPU.ActiveCfg = Debug|Any CPU
		{14A633DA-BF0B-493A-88A5-CDFFFA10658A}.Debug|Any CPU.Build.0 = Debug|Any CPU
		{14A633DA-BF0B-493A-88A5-CDFFFA10658A}.Debug|Any CPU.Deploy.0 = Debug|Any CPU
		{14A633DA-BF0B-493A-88A5-CDFFFA10658A}.Release|Any CPU.ActiveCfg = Release|Any CPU
		{14A633DA-BF0B-493A-88A5-CDFFFA10658A}.Release|Any CPU.Build.0 = Release|Any CPU
		{14A633DA-BF0B-493A-88A5-CDFFFA10658A}.Release|Any CPU.Deploy.0 = Release|Any CPU
		{F3120CF8-495C-4AA9-AC85-775BDDBEF13D}.Debug|Any CPU.ActiveCfg = Debug|Any CPU
		{F3120CF8-495C-4AA9-AC85-775BDDBEF13D}.Debug|Any CPU.Build.0 = Debug|Any CPU
		{F3120CF8-495C-4AA9-AC85-775BDDBEF13D}.Release|Any CPU.ActiveCfg = Release|Any CPU
		{F3120CF8-495C-4AA9-AC85-775BDDBEF13D}.Release|Any CPU.Build.0 = Release|Any CPU
		{06CEDF9A-269E-4345-AD63-AD2BE1884121}.Debug|Any CPU.ActiveCfg = Debug|Any CPU
		{06CEDF9A-269E-4345-AD63-AD2BE1884121}.Debug|Any CPU.Build.0 = Debug|Any CPU
		{06CEDF9A-269E-4345-AD63-AD2BE1884121}.Release|Any CPU.ActiveCfg = Release|Any CPU
		{06CEDF9A-269E-4345-AD63-AD2BE1884121}.Release|Any CPU.Build.0 = Release|Any CPU
	EndGlobalSection
	GlobalSection(SolutionProperties) = preSolution
		HideSolutionNode = FALSE
	EndGlobalSection
	GlobalSection(NestedProjects) = preSolution
		{5BDD99DB-D039-4BD9-ADC1-AB11592CDD64} = {4DC78D3D-7E40-4CA0-B2DD-4E585B451280}
		{D2C0A380-71B0-427A-8FED-692F60E3B873} = {630AE817-4F93-4BB5-B407-EEC6F26B4E42}
		{5F281967-79EB-4585-909D-62829DFD0EEE} = {630AE817-4F93-4BB5-B407-EEC6F26B4E42}
		{3130FFFF-B0B0-4B82-BD5B-12C1497F0D07} = {4DC78D3D-7E40-4CA0-B2DD-4E585B451280}
		{14A633DA-BF0B-493A-88A5-CDFFFA10658A} = {30F99888-29E5-4783-BE0D-BF19D8DCFBB3}
		{F3120CF8-495C-4AA9-AC85-775BDDBEF13D} = {4DC78D3D-7E40-4CA0-B2DD-4E585B451280}
		{06CEDF9A-269E-4345-AD63-AD2BE1884121} = {630AE817-4F93-4BB5-B407-EEC6F26B4E42}
	EndGlobalSection
EndGlobal
