
Microsoft Visual Studio Solution File, Format Version 12.00
# Visual Studio Version 17
VisualStudioVersion = 17.12.35527.113
MinimumVisualStudioVersion = 10.0.40219.1
Project("{FAE04EC0-301F-11D3-BF4B-00C04F79EFBC}") = "SFA.DAS.AODP.Web", "SFA.DAS.AODP.Web\SFA.DAS.AODP.Web.csproj", "{5BDD99DB-D039-4BD9-ADC1-AB11592CDD64}"
EndProject
Project("{FAE04EC0-301F-11D3-BF4B-00C04F79EFBC}") = "SFA.DAS.AODP.Common", "SFA.DAS.AODP.Common\SFA.DAS.AODP.Common.csproj", "{D2C0A380-71B0-427A-8FED-692F60E3B873}"
EndProject
Project("{FAE04EC0-301F-11D3-BF4B-00C04F79EFBC}") = "SFA.DAS.AODP.Infrastructure", "SFA.DAS.AODP.Infrastructure\SFA.DAS.AODP.Infrastructure.csproj", "{5F281967-79EB-4585-909D-62829DFD0EEE}"
EndProject
Project("{FAE04EC0-301F-11D3-BF4B-00C04F79EFBC}") = "SFA.DAS.AODP.Models", "SFA.DAS.AODP.Models\SFA.DAS.AODP.Models.csproj", "{3130FFFF-B0B0-4B82-BD5B-12C1497F0D07}"
EndProject
Project("{FAE04EC0-301F-11D3-BF4B-00C04F79EFBC}") = "SFA.DAS.AODP.Application", "SFA.DAS.AODP.Application\SFA.DAS.AODP.Application.csproj", "{06CEDF9A-269E-4345-AD63-AD2BE1884121}"
EndProject
Project("{2150E333-8FDC-42A3-9474-1A3956D46DE8}") = "Application", "Application", "{4DC78D3D-7E40-4CA0-B2DD-4E585B451280}"
EndProject
Project("{2150E333-8FDC-42A3-9474-1A3956D46DE8}") = "Infrastructure", "Infrastructure", "{630AE817-4F93-4BB5-B407-EEC6F26B4E42}"
EndProject
Project("{2150E333-8FDC-42A3-9474-1A3956D46DE8}") = "Tests", "Tests", "{BA8DFD76-658F-428A-AB17-34EEAA6C860D}"
EndProject
Project("{FAE04EC0-301F-11D3-BF4B-00C04F79EFBC}") = "SFA.DAS.AODP.Domain", "SFA.DAS.AODP.Domain\SFA.DAS.AODP.Domain.csproj", "{7C0D2EB5-3DC9-4C24-A334-BF6E10018FCF}"
EndProject
Project("{FAE04EC0-301F-11D3-BF4B-00C04F79EFBC}") = "SFA.DAS.AODP.Authentication", "SFA.DAS.AODP.Authentication\SFA.DAS.AODP.Authentication.csproj", "{9D0D3D5C-73C6-4988-A92F-952048CABBB1}"
EndProject
Project("{FAE04EC0-301F-11D3-BF4B-00C04F79EFBC}") = "SFA.DAS.AODP.Authentication.Tests", "SFA.DAS.AODP.Authentication.Tests\SFA.DAS.AODP.Authentication.Tests.csproj", "{11F656D7-7898-429D-9570-1ABEE464A516}"
EndProject
Project("{FAE04EC0-301F-11D3-BF4B-00C04F79EFBC}") = "SFA.DAS.AODP.Test", "SFA.DAS.AODP.Test\SFA.DAS.AODP.Test.csproj", "{833F693C-374B-4D2B-BA73-33AB7CA5F807}"
EndProject
Global
	GlobalSection(SolutionConfigurationPlatforms) = preSolution
		Debug|Any CPU = Debug|Any CPU
		Release|Any CPU = Release|Any CPU
	EndGlobalSection
	GlobalSection(ProjectConfigurationPlatforms) = postSolution
		{5BDD99DB-D039-4BD9-ADC1-AB11592CDD64}.Debug|Any CPU.ActiveCfg = Debug|Any CPU
		{5BDD99DB-D039-4BD9-ADC1-AB11592CDD64}.Debug|Any CPU.Build.0 = Debug|Any CPU
		{5BDD99DB-D039-4BD9-ADC1-AB11592CDD64}.Release|Any CPU.ActiveCfg = Release|Any CPU
		{5BDD99DB-D039-4BD9-ADC1-AB11592CDD64}.Release|Any CPU.Build.0 = Release|Any CPU
		{D2C0A380-71B0-427A-8FED-692F60E3B873}.Debug|Any CPU.ActiveCfg = Debug|Any CPU
		{D2C0A380-71B0-427A-8FED-692F60E3B873}.Debug|Any CPU.Build.0 = Debug|Any CPU
		{D2C0A380-71B0-427A-8FED-692F60E3B873}.Release|Any CPU.ActiveCfg = Release|Any CPU
		{D2C0A380-71B0-427A-8FED-692F60E3B873}.Release|Any CPU.Build.0 = Release|Any CPU
		{5F281967-79EB-4585-909D-62829DFD0EEE}.Debug|Any CPU.ActiveCfg = Debug|Any CPU
		{5F281967-79EB-4585-909D-62829DFD0EEE}.Debug|Any CPU.Build.0 = Debug|Any CPU
		{5F281967-79EB-4585-909D-62829DFD0EEE}.Release|Any CPU.ActiveCfg = Release|Any CPU
		{5F281967-79EB-4585-909D-62829DFD0EEE}.Release|Any CPU.Build.0 = Release|Any CPU
		{3130FFFF-B0B0-4B82-BD5B-12C1497F0D07}.Debug|Any CPU.ActiveCfg = Debug|Any CPU
		{3130FFFF-B0B0-4B82-BD5B-12C1497F0D07}.Debug|Any CPU.Build.0 = Debug|Any CPU
		{3130FFFF-B0B0-4B82-BD5B-12C1497F0D07}.Release|Any CPU.ActiveCfg = Release|Any CPU
		{3130FFFF-B0B0-4B82-BD5B-12C1497F0D07}.Release|Any CPU.Build.0 = Release|Any CPU
		{06CEDF9A-269E-4345-AD63-AD2BE1884121}.Debug|Any CPU.ActiveCfg = Debug|Any CPU
		{06CEDF9A-269E-4345-AD63-AD2BE1884121}.Debug|Any CPU.Build.0 = Debug|Any CPU
		{06CEDF9A-269E-4345-AD63-AD2BE1884121}.Release|Any CPU.ActiveCfg = Release|Any CPU
		{06CEDF9A-269E-4345-AD63-AD2BE1884121}.Release|Any CPU.Build.0 = Release|Any CPU
		{7C0D2EB5-3DC9-4C24-A334-BF6E10018FCF}.Debug|Any CPU.ActiveCfg = Debug|Any CPU
		{7C0D2EB5-3DC9-4C24-A334-BF6E10018FCF}.Debug|Any CPU.Build.0 = Debug|Any CPU
		{7C0D2EB5-3DC9-4C24-A334-BF6E10018FCF}.Release|Any CPU.ActiveCfg = Release|Any CPU
		{7C0D2EB5-3DC9-4C24-A334-BF6E10018FCF}.Release|Any CPU.Build.0 = Release|Any CPU
		{9D0D3D5C-73C6-4988-A92F-952048CABBB1}.Debug|Any CPU.ActiveCfg = Debug|Any CPU
		{9D0D3D5C-73C6-4988-A92F-952048CABBB1}.Debug|Any CPU.Build.0 = Debug|Any CPU
		{9D0D3D5C-73C6-4988-A92F-952048CABBB1}.Release|Any CPU.ActiveCfg = Release|Any CPU
		{9D0D3D5C-73C6-4988-A92F-952048CABBB1}.Release|Any CPU.Build.0 = Release|Any CPU
		{11F656D7-7898-429D-9570-1ABEE464A516}.Debug|Any CPU.ActiveCfg = Debug|Any CPU
		{11F656D7-7898-429D-9570-1ABEE464A516}.Debug|Any CPU.Build.0 = Debug|Any CPU
		{11F656D7-7898-429D-9570-1ABEE464A516}.Release|Any CPU.ActiveCfg = Release|Any CPU
		{11F656D7-7898-429D-9570-1ABEE464A516}.Release|Any CPU.Build.0 = Release|Any CPU
		{833F693C-374B-4D2B-BA73-33AB7CA5F807}.Debug|Any CPU.ActiveCfg = Debug|Any CPU
		{833F693C-374B-4D2B-BA73-33AB7CA5F807}.Debug|Any CPU.Build.0 = Debug|Any CPU
		{833F693C-374B-4D2B-BA73-33AB7CA5F807}.Release|Any CPU.ActiveCfg = Release|Any CPU
		{833F693C-374B-4D2B-BA73-33AB7CA5F807}.Release|Any CPU.Build.0 = Release|Any CPU
	EndGlobalSection
	GlobalSection(SolutionProperties) = preSolution
		HideSolutionNode = FALSE
	EndGlobalSection
	GlobalSection(NestedProjects) = preSolution
		{5BDD99DB-D039-4BD9-ADC1-AB11592CDD64} = {4DC78D3D-7E40-4CA0-B2DD-4E585B451280}
		{D2C0A380-71B0-427A-8FED-692F60E3B873} = {630AE817-4F93-4BB5-B407-EEC6F26B4E42}
		{5F281967-79EB-4585-909D-62829DFD0EEE} = {630AE817-4F93-4BB5-B407-EEC6F26B4E42}
		{3130FFFF-B0B0-4B82-BD5B-12C1497F0D07} = {4DC78D3D-7E40-4CA0-B2DD-4E585B451280}
		{06CEDF9A-269E-4345-AD63-AD2BE1884121} = {630AE817-4F93-4BB5-B407-EEC6F26B4E42}
		{7C0D2EB5-3DC9-4C24-A334-BF6E10018FCF} = {630AE817-4F93-4BB5-B407-EEC6F26B4E42}
		{9D0D3D5C-73C6-4988-A92F-952048CABBB1} = {630AE817-4F93-4BB5-B407-EEC6F26B4E42}
		{11F656D7-7898-429D-9570-1ABEE464A516} = {BA8DFD76-658F-428A-AB17-34EEAA6C860D}
	EndGlobalSection
EndGlobal
